// !$*UTF8*$!
{
	archiveVersion = 1;
	classes = {
	};
	objectVersion = 50;
	objects = {

/* Begin PBXBuildFile section */
		7BB2FE379DC07BE7306B1A0D /* libPods-Seek.a in Frameworks */ = {isa = PBXBuildFile; fileRef = E078D1022F4E2473FE5D2819 /* libPods-Seek.a */; };
		A00F03B520A1D264008E60B9 /* YZSearchViewController.m in Sources */ = {isa = PBXBuildFile; fileRef = A00F03B420A1D264008E60B9 /* YZSearchViewController.m */; };
		A00F03BB20A1D4BC008E60B9 /* YZSearchTableView.m in Sources */ = {isa = PBXBuildFile; fileRef = A00F03BA20A1D4BC008E60B9 /* YZSearchTableView.m */; };
		A00F03BF20A1D926008E60B9 /* NSString+Custom.m in Sources */ = {isa = PBXBuildFile; fileRef = A00F03BE20A1D926008E60B9 /* NSString+Custom.m */; };
		A00F03C320A28610008E60B9 /* SearchAnimation.m in Sources */ = {isa = PBXBuildFile; fileRef = A00F03C220A28610008E60B9 /* SearchAnimation.m */; };
		A00F03C820A310F8008E60B9 /* YZSearchTableViewCell.m in Sources */ = {isa = PBXBuildFile; fileRef = A00F03C620A310F8008E60B9 /* YZSearchTableViewCell.m */; };
		A00F03C920A310F8008E60B9 /* YZSearchTableViewCell.xib in Resources */ = {isa = PBXBuildFile; fileRef = A00F03C720A310F8008E60B9 /* YZSearchTableViewCell.xib */; };
		A00F03D120A32002008E60B9 /* YZSearchHistoryManager.m in Sources */ = {isa = PBXBuildFile; fileRef = A00F03D020A32002008E60B9 /* YZSearchHistoryManager.m */; };
		A00F03D520A3202A008E60B9 /* YZWord.m in Sources */ = {isa = PBXBuildFile; fileRef = A00F03D420A3202A008E60B9 /* YZWord.m */; };
		A00F03DA20A32275008E60B9 /* YZMoreViewController.m in Sources */ = {isa = PBXBuildFile; fileRef = A00F03D920A32275008E60B9 /* YZMoreViewController.m */; };
		A00F03DD20A322B6008E60B9 /* YZMoreView.m in Sources */ = {isa = PBXBuildFile; fileRef = A00F03DC20A322B6008E60B9 /* YZMoreView.m */; };
		A0132CEC209DA92A00CBA33F /* AppDelegate.m in Sources */ = {isa = PBXBuildFile; fileRef = A0132CEB209DA92A00CBA33F /* AppDelegate.m */; };
		A0132CEF209DA92A00CBA33F /* ViewController.m in Sources */ = {isa = PBXBuildFile; fileRef = A0132CEE209DA92A00CBA33F /* ViewController.m */; };
		A0132CF2209DA92A00CBA33F /* Main.storyboard in Resources */ = {isa = PBXBuildFile; fileRef = A0132CF0209DA92A00CBA33F /* Main.storyboard */; };
		A0132CF4209DA92B00CBA33F /* Assets.xcassets in Resources */ = {isa = PBXBuildFile; fileRef = A0132CF3209DA92B00CBA33F /* Assets.xcassets */; };
		A0132CF7209DA92B00CBA33F /* LaunchScreen.storyboard in Resources */ = {isa = PBXBuildFile; fileRef = A0132CF5209DA92B00CBA33F /* LaunchScreen.storyboard */; };
		A0132CFA209DA92B00CBA33F /* main.m in Sources */ = {isa = PBXBuildFile; fileRef = A0132CF9209DA92B00CBA33F /* main.m */; };
		A023F74920A47437003A1E9C /* YZMoreTitleView.m in Sources */ = {isa = PBXBuildFile; fileRef = A023F74820A47437003A1E9C /* YZMoreTitleView.m */; };
		A070798620BCD14900F3B045 /* ZKGameSingleViewController.m in Sources */ = {isa = PBXBuildFile; fileRef = A070798520BCD14900F3B045 /* ZKGameSingleViewController.m */; };
		A070798920BCD16E00F3B045 /* ZKGameSingleView.m in Sources */ = {isa = PBXBuildFile; fileRef = A070798820BCD16E00F3B045 /* ZKGameSingleView.m */; };
		A070798D20BCD18F00F3B045 /* ZKSingleGameModel.m in Sources */ = {isa = PBXBuildFile; fileRef = A070798C20BCD18F00F3B045 /* ZKSingleGameModel.m */; };
		A08BD3FF20A819EB0046C0A6 /* User.m in Sources */ = {isa = PBXBuildFile; fileRef = A08BD3FE20A819EB0046C0A6 /* User.m */; };
		A08BD40420A81DEF0046C0A6 /* YZLoginViewController.m in Sources */ = {isa = PBXBuildFile; fileRef = A08BD40320A81DEF0046C0A6 /* YZLoginViewController.m */; };
		A08BD40720A81E110046C0A6 /* YZLoginView.m in Sources */ = {isa = PBXBuildFile; fileRef = A08BD40620A81E110046C0A6 /* YZLoginView.m */; };
		A0A8661B209DB61100674BF6 /* MainViewController.m in Sources */ = {isa = PBXBuildFile; fileRef = A0A8661A209DB61100674BF6 /* MainViewController.m */; };
		A0A8661F209DB69F00674BF6 /* MainView.m in Sources */ = {isa = PBXBuildFile; fileRef = A0A8661E209DB69F00674BF6 /* MainView.m */; };
		A0A86645209EE70600674BF6 /* YZNavigationBar.m in Sources */ = {isa = PBXBuildFile; fileRef = A0A86644209EE70600674BF6 /* YZNavigationBar.m */; };
		A0A8664B209EED7D00674BF6 /* UIViewController+YZNavigationBar.m in Sources */ = {isa = PBXBuildFile; fileRef = A0A8664A209EED7D00674BF6 /* UIViewController+YZNavigationBar.m */; };
		A0DA121420B7CD1F00469D33 /* YZLikedViewController.m in Sources */ = {isa = PBXBuildFile; fileRef = A0DA121320B7CD1F00469D33 /* YZLikedViewController.m */; };
		A0DA121720B7CD5100469D33 /* YZLikedView.m in Sources */ = {isa = PBXBuildFile; fileRef = A0DA121620B7CD5100469D33 /* YZLikedView.m */; };
		A0DA121B20B8468300469D33 /* YZDetailImage.m in Sources */ = {isa = PBXBuildFile; fileRef = A0DA121A20B8468300469D33 /* YZDetailImage.m */; };
		A0DB887C20A67A6800CA810C /* YZFindViewController.m in Sources */ = {isa = PBXBuildFile; fileRef = A0DB887B20A67A6800CA810C /* YZFindViewController.m */; };
		A0DB887F20A67D1000CA810C /* YZFindView.m in Sources */ = {isa = PBXBuildFile; fileRef = A0DB887E20A67D1000CA810C /* YZFindView.m */; };
		A0DB888320A67F6A00CA810C /* YZFindLayout.m in Sources */ = {isa = PBXBuildFile; fileRef = A0DB888220A67F6A00CA810C /* YZFindLayout.m */; };
		A0DB888620A68E8400CA810C /* YZFindLayoutAttributes.m in Sources */ = {isa = PBXBuildFile; fileRef = A0DB888520A68E8400CA810C /* YZFindLayoutAttributes.m */; };
		A0DB888920A68FDB00CA810C /* YZFindCollectionViewCell.m in Sources */ = {isa = PBXBuildFile; fileRef = A0DB888820A68FDB00CA810C /* YZFindCollectionViewCell.m */; };
		A0DB888E20A6A1A100CA810C /* YZDetailViewController.m in Sources */ = {isa = PBXBuildFile; fileRef = A0DB888D20A6A1A100CA810C /* YZDetailViewController.m */; };
		A0DB889120A6A1DE00CA810C /* YZDetailView.m in Sources */ = {isa = PBXBuildFile; fileRef = A0DB889020A6A1DE00CA810C /* YZDetailView.m */; };
		A0F8908020B546B20070B0C7 /* YZHistoryWord.m in Sources */ = {isa = PBXBuildFile; fileRef = A0F8907F20B546B20070B0C7 /* YZHistoryWord.m */; };
		A0F8908520B552370070B0C7 /* YZWordDetailViewController.m in Sources */ = {isa = PBXBuildFile; fileRef = A0F8908420B552370070B0C7 /* YZWordDetailViewController.m */; };
		A0F8908820B552A80070B0C7 /* YZWordDetailView.m in Sources */ = {isa = PBXBuildFile; fileRef = A0F8908720B552A80070B0C7 /* YZWordDetailView.m */; };
		F517BF0D20B9512400D6A136 /* ZKSettingView.m in Sources */ = {isa = PBXBuildFile; fileRef = F517BF0C20B9512400D6A136 /* ZKSettingView.m */; };
		F517BF1120B9513E00D6A136 /* ZKSettingViewController.m in Sources */ = {isa = PBXBuildFile; fileRef = F517BF1020B9513E00D6A136 /* ZKSettingViewController.m */; };
		F5C5095720B9B4AD0094F4BA /* UIView+ZKCategory.m in Sources */ = {isa = PBXBuildFile; fileRef = F5C5095620B9B4AD0094F4BA /* UIView+ZKCategory.m */; };
		F5C5095E20BAD8FA0094F4BA /* ZKGameIndexViewController.m in Sources */ = {isa = PBXBuildFile; fileRef = F5C5095D20BAD8FA0094F4BA /* ZKGameIndexViewController.m */; };
		F5C5096220BAD9750094F4BA /* ZKGameIndexView.m in Sources */ = {isa = PBXBuildFile; fileRef = F5C5096120BAD9750094F4BA /* ZKGameIndexView.m */; };
/* End PBXBuildFile section */

/* Begin PBXFileReference section */
		3A3F160612D0D128B6C4434F /* Pods-Seek.debug.xcconfig */ = {isa = PBXFileReference; includeInIndex = 1; lastKnownFileType = text.xcconfig; name = "Pods-Seek.debug.xcconfig"; path = "Pods/Target Support Files/Pods-Seek/Pods-Seek.debug.xcconfig"; sourceTree = "<group>"; };
		57D065529F08170D7002D2D1 /* Pods-Seek.release.xcconfig */ = {isa = PBXFileReference; includeInIndex = 1; lastKnownFileType = text.xcconfig; name = "Pods-Seek.release.xcconfig"; path = "Pods/Target Support Files/Pods-Seek/Pods-Seek.release.xcconfig"; sourceTree = "<group>"; };
		A00F03B320A1D264008E60B9 /* YZSearchViewController.h */ = {isa = PBXFileReference; lastKnownFileType = sourcecode.c.h; path = YZSearchViewController.h; sourceTree = "<group>"; };
		A00F03B420A1D264008E60B9 /* YZSearchViewController.m */ = {isa = PBXFileReference; lastKnownFileType = sourcecode.c.objc; path = YZSearchViewController.m; sourceTree = "<group>"; };
		A00F03B920A1D4BC008E60B9 /* YZSearchTableView.h */ = {isa = PBXFileReference; lastKnownFileType = sourcecode.c.h; path = YZSearchTableView.h; sourceTree = "<group>"; };
		A00F03BA20A1D4BC008E60B9 /* YZSearchTableView.m */ = {isa = PBXFileReference; lastKnownFileType = sourcecode.c.objc; path = YZSearchTableView.m; sourceTree = "<group>"; };
		A00F03BD20A1D926008E60B9 /* NSString+Custom.h */ = {isa = PBXFileReference; fileEncoding = 4; lastKnownFileType = sourcecode.c.h; path = "NSString+Custom.h"; sourceTree = "<group>"; };
		A00F03BE20A1D926008E60B9 /* NSString+Custom.m */ = {isa = PBXFileReference; fileEncoding = 4; lastKnownFileType = sourcecode.c.objc; path = "NSString+Custom.m"; sourceTree = "<group>"; };
		A00F03C120A28610008E60B9 /* SearchAnimation.h */ = {isa = PBXFileReference; lastKnownFileType = sourcecode.c.h; path = SearchAnimation.h; sourceTree = "<group>"; };
		A00F03C220A28610008E60B9 /* SearchAnimation.m */ = {isa = PBXFileReference; lastKnownFileType = sourcecode.c.objc; path = SearchAnimation.m; sourceTree = "<group>"; };
		A00F03C520A310F8008E60B9 /* YZSearchTableViewCell.h */ = {isa = PBXFileReference; lastKnownFileType = sourcecode.c.h; path = YZSearchTableViewCell.h; sourceTree = "<group>"; };
		A00F03C620A310F8008E60B9 /* YZSearchTableViewCell.m */ = {isa = PBXFileReference; lastKnownFileType = sourcecode.c.objc; path = YZSearchTableViewCell.m; sourceTree = "<group>"; };
		A00F03C720A310F8008E60B9 /* YZSearchTableViewCell.xib */ = {isa = PBXFileReference; lastKnownFileType = file.xib; path = YZSearchTableViewCell.xib; sourceTree = "<group>"; };
		A00F03CF20A32002008E60B9 /* YZSearchHistoryManager.h */ = {isa = PBXFileReference; lastKnownFileType = sourcecode.c.h; path = YZSearchHistoryManager.h; sourceTree = "<group>"; };
		A00F03D020A32002008E60B9 /* YZSearchHistoryManager.m */ = {isa = PBXFileReference; lastKnownFileType = sourcecode.c.objc; path = YZSearchHistoryManager.m; sourceTree = "<group>"; };
		A00F03D320A3202A008E60B9 /* YZWord.h */ = {isa = PBXFileReference; lastKnownFileType = sourcecode.c.h; path = YZWord.h; sourceTree = "<group>"; };
		A00F03D420A3202A008E60B9 /* YZWord.m */ = {isa = PBXFileReference; lastKnownFileType = sourcecode.c.objc; path = YZWord.m; sourceTree = "<group>"; };
		A00F03D820A32275008E60B9 /* YZMoreViewController.h */ = {isa = PBXFileReference; lastKnownFileType = sourcecode.c.h; path = YZMoreViewController.h; sourceTree = "<group>"; };
		A00F03D920A32275008E60B9 /* YZMoreViewController.m */ = {isa = PBXFileReference; lastKnownFileType = sourcecode.c.objc; path = YZMoreViewController.m; sourceTree = "<group>"; };
		A00F03DB20A322B6008E60B9 /* YZMoreView.h */ = {isa = PBXFileReference; lastKnownFileType = sourcecode.c.h; path = YZMoreView.h; sourceTree = "<group>"; };
		A00F03DC20A322B6008E60B9 /* YZMoreView.m */ = {isa = PBXFileReference; lastKnownFileType = sourcecode.c.objc; path = YZMoreView.m; sourceTree = "<group>"; };
		A0132CE7209DA92A00CBA33F /* Seek.app */ = {isa = PBXFileReference; explicitFileType = wrapper.application; includeInIndex = 0; path = Seek.app; sourceTree = BUILT_PRODUCTS_DIR; };
		A0132CEA209DA92A00CBA33F /* AppDelegate.h */ = {isa = PBXFileReference; lastKnownFileType = sourcecode.c.h; path = AppDelegate.h; sourceTree = "<group>"; };
		A0132CEB209DA92A00CBA33F /* AppDelegate.m */ = {isa = PBXFileReference; lastKnownFileType = sourcecode.c.objc; path = AppDelegate.m; sourceTree = "<group>"; };
		A0132CED209DA92A00CBA33F /* ViewController.h */ = {isa = PBXFileReference; lastKnownFileType = sourcecode.c.h; path = ViewController.h; sourceTree = "<group>"; };
		A0132CEE209DA92A00CBA33F /* ViewController.m */ = {isa = PBXFileReference; lastKnownFileType = sourcecode.c.objc; path = ViewController.m; sourceTree = "<group>"; };
		A0132CF1209DA92A00CBA33F /* Base */ = {isa = PBXFileReference; lastKnownFileType = file.storyboard; name = Base; path = Base.lproj/Main.storyboard; sourceTree = "<group>"; };
		A0132CF3209DA92B00CBA33F /* Assets.xcassets */ = {isa = PBXFileReference; lastKnownFileType = folder.assetcatalog; path = Assets.xcassets; sourceTree = "<group>"; };
		A0132CF6209DA92B00CBA33F /* Base */ = {isa = PBXFileReference; lastKnownFileType = file.storyboard; name = Base; path = Base.lproj/LaunchScreen.storyboard; sourceTree = "<group>"; };
		A0132CF8209DA92B00CBA33F /* Info.plist */ = {isa = PBXFileReference; lastKnownFileType = text.plist.xml; path = Info.plist; sourceTree = "<group>"; };
		A0132CF9209DA92B00CBA33F /* main.m */ = {isa = PBXFileReference; lastKnownFileType = sourcecode.c.objc; path = main.m; sourceTree = "<group>"; };
		A023F74720A47437003A1E9C /* YZMoreTitleView.h */ = {isa = PBXFileReference; lastKnownFileType = sourcecode.c.h; path = YZMoreTitleView.h; sourceTree = "<group>"; };
		A023F74820A47437003A1E9C /* YZMoreTitleView.m */ = {isa = PBXFileReference; lastKnownFileType = sourcecode.c.objc; path = YZMoreTitleView.m; sourceTree = "<group>"; };
		A070798420BCD14900F3B045 /* ZKGameSingleViewController.h */ = {isa = PBXFileReference; fileEncoding = 4; lastKnownFileType = sourcecode.c.h; name = ZKGameSingleViewController.h; path = Seek/controller/game/ZKGameSingleViewController.h; sourceTree = SOURCE_ROOT; };
		A070798520BCD14900F3B045 /* ZKGameSingleViewController.m */ = {isa = PBXFileReference; fileEncoding = 4; lastKnownFileType = sourcecode.c.objc; name = ZKGameSingleViewController.m; path = Seek/controller/game/ZKGameSingleViewController.m; sourceTree = SOURCE_ROOT; };
		A070798720BCD16E00F3B045 /* ZKGameSingleView.h */ = {isa = PBXFileReference; fileEncoding = 4; lastKnownFileType = sourcecode.c.h; path = ZKGameSingleView.h; sourceTree = "<group>"; };
		A070798820BCD16E00F3B045 /* ZKGameSingleView.m */ = {isa = PBXFileReference; fileEncoding = 4; lastKnownFileType = sourcecode.c.objc; path = ZKGameSingleView.m; sourceTree = "<group>"; };
		A070798B20BCD18F00F3B045 /* ZKSingleGameModel.h */ = {isa = PBXFileReference; fileEncoding = 4; lastKnownFileType = sourcecode.c.h; path = ZKSingleGameModel.h; sourceTree = "<group>"; };
		A070798C20BCD18F00F3B045 /* ZKSingleGameModel.m */ = {isa = PBXFileReference; fileEncoding = 4; lastKnownFileType = sourcecode.c.objc; path = ZKSingleGameModel.m; sourceTree = "<group>"; };
		A08BD3FD20A819EB0046C0A6 /* User.h */ = {isa = PBXFileReference; lastKnownFileType = sourcecode.c.h; path = User.h; sourceTree = "<group>"; };
		A08BD3FE20A819EB0046C0A6 /* User.m */ = {isa = PBXFileReference; lastKnownFileType = sourcecode.c.objc; path = User.m; sourceTree = "<group>"; };
		A08BD40220A81DEF0046C0A6 /* YZLoginViewController.h */ = {isa = PBXFileReference; lastKnownFileType = sourcecode.c.h; path = YZLoginViewController.h; sourceTree = "<group>"; };
		A08BD40320A81DEF0046C0A6 /* YZLoginViewController.m */ = {isa = PBXFileReference; lastKnownFileType = sourcecode.c.objc; path = YZLoginViewController.m; sourceTree = "<group>"; };
		A08BD40520A81E110046C0A6 /* YZLoginView.h */ = {isa = PBXFileReference; lastKnownFileType = sourcecode.c.h; path = YZLoginView.h; sourceTree = "<group>"; };
		A08BD40620A81E110046C0A6 /* YZLoginView.m */ = {isa = PBXFileReference; lastKnownFileType = sourcecode.c.objc; path = YZLoginView.m; sourceTree = "<group>"; };
		A0A86614209DAFEA00674BF6 /* YZGeneral.pch */ = {isa = PBXFileReference; lastKnownFileType = sourcecode.c.h; path = YZGeneral.pch; sourceTree = "<group>"; };
		A0A86619209DB61100674BF6 /* MainViewController.h */ = {isa = PBXFileReference; lastKnownFileType = sourcecode.c.h; path = MainViewController.h; sourceTree = "<group>"; };
		A0A8661A209DB61100674BF6 /* MainViewController.m */ = {isa = PBXFileReference; lastKnownFileType = sourcecode.c.objc; path = MainViewController.m; sourceTree = "<group>"; };
		A0A8661D209DB69F00674BF6 /* MainView.h */ = {isa = PBXFileReference; lastKnownFileType = sourcecode.c.h; path = MainView.h; sourceTree = "<group>"; };
		A0A8661E209DB69F00674BF6 /* MainView.m */ = {isa = PBXFileReference; lastKnownFileType = sourcecode.c.objc; path = MainView.m; sourceTree = "<group>"; };
		A0A86643209EE70600674BF6 /* YZNavigationBar.h */ = {isa = PBXFileReference; lastKnownFileType = sourcecode.c.h; path = YZNavigationBar.h; sourceTree = "<group>"; };
		A0A86644209EE70600674BF6 /* YZNavigationBar.m */ = {isa = PBXFileReference; lastKnownFileType = sourcecode.c.objc; path = YZNavigationBar.m; sourceTree = "<group>"; };
		A0A86649209EED7D00674BF6 /* UIViewController+YZNavigationBar.h */ = {isa = PBXFileReference; lastKnownFileType = sourcecode.c.h; path = "UIViewController+YZNavigationBar.h"; sourceTree = "<group>"; };
		A0A8664A209EED7D00674BF6 /* UIViewController+YZNavigationBar.m */ = {isa = PBXFileReference; lastKnownFileType = sourcecode.c.objc; path = "UIViewController+YZNavigationBar.m"; sourceTree = "<group>"; };
		A0DA121220B7CD1F00469D33 /* YZLikedViewController.h */ = {isa = PBXFileReference; lastKnownFileType = sourcecode.c.h; path = YZLikedViewController.h; sourceTree = "<group>"; };
		A0DA121320B7CD1F00469D33 /* YZLikedViewController.m */ = {isa = PBXFileReference; lastKnownFileType = sourcecode.c.objc; path = YZLikedViewController.m; sourceTree = "<group>"; };
		A0DA121520B7CD5100469D33 /* YZLikedView.h */ = {isa = PBXFileReference; lastKnownFileType = sourcecode.c.h; path = YZLikedView.h; sourceTree = "<group>"; };
		A0DA121620B7CD5100469D33 /* YZLikedView.m */ = {isa = PBXFileReference; lastKnownFileType = sourcecode.c.objc; path = YZLikedView.m; sourceTree = "<group>"; };
		A0DA121920B8468300469D33 /* YZDetailImage.h */ = {isa = PBXFileReference; lastKnownFileType = sourcecode.c.h; path = YZDetailImage.h; sourceTree = "<group>"; };
		A0DA121A20B8468300469D33 /* YZDetailImage.m */ = {isa = PBXFileReference; lastKnownFileType = sourcecode.c.objc; path = YZDetailImage.m; sourceTree = "<group>"; };
		A0DB887A20A67A6800CA810C /* YZFindViewController.h */ = {isa = PBXFileReference; lastKnownFileType = sourcecode.c.h; path = YZFindViewController.h; sourceTree = "<group>"; };
		A0DB887B20A67A6800CA810C /* YZFindViewController.m */ = {isa = PBXFileReference; lastKnownFileType = sourcecode.c.objc; path = YZFindViewController.m; sourceTree = "<group>"; };
		A0DB887D20A67D1000CA810C /* YZFindView.h */ = {isa = PBXFileReference; lastKnownFileType = sourcecode.c.h; path = YZFindView.h; sourceTree = "<group>"; };
		A0DB887E20A67D1000CA810C /* YZFindView.m */ = {isa = PBXFileReference; lastKnownFileType = sourcecode.c.objc; path = YZFindView.m; sourceTree = "<group>"; };
		A0DB888120A67F6A00CA810C /* YZFindLayout.h */ = {isa = PBXFileReference; lastKnownFileType = sourcecode.c.h; path = YZFindLayout.h; sourceTree = "<group>"; };
		A0DB888220A67F6A00CA810C /* YZFindLayout.m */ = {isa = PBXFileReference; lastKnownFileType = sourcecode.c.objc; path = YZFindLayout.m; sourceTree = "<group>"; };
		A0DB888420A68E8400CA810C /* YZFindLayoutAttributes.h */ = {isa = PBXFileReference; lastKnownFileType = sourcecode.c.h; path = YZFindLayoutAttributes.h; sourceTree = "<group>"; };
		A0DB888520A68E8400CA810C /* YZFindLayoutAttributes.m */ = {isa = PBXFileReference; lastKnownFileType = sourcecode.c.objc; path = YZFindLayoutAttributes.m; sourceTree = "<group>"; };
		A0DB888720A68FDB00CA810C /* YZFindCollectionViewCell.h */ = {isa = PBXFileReference; lastKnownFileType = sourcecode.c.h; path = YZFindCollectionViewCell.h; sourceTree = "<group>"; };
		A0DB888820A68FDB00CA810C /* YZFindCollectionViewCell.m */ = {isa = PBXFileReference; lastKnownFileType = sourcecode.c.objc; path = YZFindCollectionViewCell.m; sourceTree = "<group>"; };
		A0DB888C20A6A1A100CA810C /* YZDetailViewController.h */ = {isa = PBXFileReference; lastKnownFileType = sourcecode.c.h; path = YZDetailViewController.h; sourceTree = "<group>"; };
		A0DB888D20A6A1A100CA810C /* YZDetailViewController.m */ = {isa = PBXFileReference; lastKnownFileType = sourcecode.c.objc; path = YZDetailViewController.m; sourceTree = "<group>"; };
		A0DB888F20A6A1DE00CA810C /* YZDetailView.h */ = {isa = PBXFileReference; lastKnownFileType = sourcecode.c.h; path = YZDetailView.h; sourceTree = "<group>"; };
		A0DB889020A6A1DE00CA810C /* YZDetailView.m */ = {isa = PBXFileReference; lastKnownFileType = sourcecode.c.objc; path = YZDetailView.m; sourceTree = "<group>"; };
		A0F8907E20B546B20070B0C7 /* YZHistoryWord.h */ = {isa = PBXFileReference; lastKnownFileType = sourcecode.c.h; path = YZHistoryWord.h; sourceTree = "<group>"; };
		A0F8907F20B546B20070B0C7 /* YZHistoryWord.m */ = {isa = PBXFileReference; lastKnownFileType = sourcecode.c.objc; path = YZHistoryWord.m; sourceTree = "<group>"; };
		A0F8908320B552370070B0C7 /* YZWordDetailViewController.h */ = {isa = PBXFileReference; lastKnownFileType = sourcecode.c.h; path = YZWordDetailViewController.h; sourceTree = "<group>"; };
		A0F8908420B552370070B0C7 /* YZWordDetailViewController.m */ = {isa = PBXFileReference; lastKnownFileType = sourcecode.c.objc; path = YZWordDetailViewController.m; sourceTree = "<group>"; };
		A0F8908620B552A80070B0C7 /* YZWordDetailView.h */ = {isa = PBXFileReference; lastKnownFileType = sourcecode.c.h; path = YZWordDetailView.h; sourceTree = "<group>"; };
		A0F8908720B552A80070B0C7 /* YZWordDetailView.m */ = {isa = PBXFileReference; lastKnownFileType = sourcecode.c.objc; path = YZWordDetailView.m; sourceTree = "<group>"; };
		E078D1022F4E2473FE5D2819 /* libPods-Seek.a */ = {isa = PBXFileReference; explicitFileType = archive.ar; includeInIndex = 0; path = "libPods-Seek.a"; sourceTree = BUILT_PRODUCTS_DIR; };
		F517BF0B20B9512400D6A136 /* ZKSettingView.h */ = {isa = PBXFileReference; lastKnownFileType = sourcecode.c.h; path = ZKSettingView.h; sourceTree = "<group>"; };
		F517BF0C20B9512400D6A136 /* ZKSettingView.m */ = {isa = PBXFileReference; lastKnownFileType = sourcecode.c.objc; path = ZKSettingView.m; sourceTree = "<group>"; };
		F517BF0F20B9513E00D6A136 /* ZKSettingViewController.h */ = {isa = PBXFileReference; lastKnownFileType = sourcecode.c.h; path = ZKSettingViewController.h; sourceTree = "<group>"; };
		F517BF1020B9513E00D6A136 /* ZKSettingViewController.m */ = {isa = PBXFileReference; lastKnownFileType = sourcecode.c.objc; path = ZKSettingViewController.m; sourceTree = "<group>"; };
		F5C5095520B9B4AD0094F4BA /* UIView+ZKCategory.h */ = {isa = PBXFileReference; lastKnownFileType = sourcecode.c.h; path = "UIView+ZKCategory.h"; sourceTree = "<group>"; };
		F5C5095620B9B4AD0094F4BA /* UIView+ZKCategory.m */ = {isa = PBXFileReference; lastKnownFileType = sourcecode.c.objc; path = "UIView+ZKCategory.m"; sourceTree = "<group>"; };
		F5C5095C20BAD8FA0094F4BA /* ZKGameIndexViewController.h */ = {isa = PBXFileReference; lastKnownFileType = sourcecode.c.h; path = ZKGameIndexViewController.h; sourceTree = "<group>"; };
		F5C5095D20BAD8FA0094F4BA /* ZKGameIndexViewController.m */ = {isa = PBXFileReference; lastKnownFileType = sourcecode.c.objc; path = ZKGameIndexViewController.m; sourceTree = "<group>"; };
		F5C5096020BAD9750094F4BA /* ZKGameIndexView.h */ = {isa = PBXFileReference; lastKnownFileType = sourcecode.c.h; path = ZKGameIndexView.h; sourceTree = "<group>"; };
		F5C5096120BAD9750094F4BA /* ZKGameIndexView.m */ = {isa = PBXFileReference; lastKnownFileType = sourcecode.c.objc; path = ZKGameIndexView.m; sourceTree = "<group>"; };
		F5C5096320BAE7D60094F4BA /* libAFNetworking.a */ = {isa = PBXFileReference; explicitFileType = archive.ar; path = libAFNetworking.a; sourceTree = BUILT_PRODUCTS_DIR; };
		F5C5096520BAE80A0094F4BA /* libAFNetworking.a */ = {isa = PBXFileReference; explicitFileType = archive.ar; path = libAFNetworking.a; sourceTree = BUILT_PRODUCTS_DIR; };
/* End PBXFileReference section */

/* Begin PBXFrameworksBuildPhase section */
		A0132CE4209DA92A00CBA33F /* Frameworks */ = {
			isa = PBXFrameworksBuildPhase;
			buildActionMask = 2147483647;
			files = (
				7BB2FE379DC07BE7306B1A0D /* libPods-Seek.a in Frameworks */,
			);
			runOnlyForDeploymentPostprocessing = 0;
		};
/* End PBXFrameworksBuildPhase section */

/* Begin PBXGroup section */
		1BCF1417E768FD140D99F8FD /* Pods */ = {
			isa = PBXGroup;
			children = (
				3A3F160612D0D128B6C4434F /* Pods-Seek.debug.xcconfig */,
				57D065529F08170D7002D2D1 /* Pods-Seek.release.xcconfig */,
			);
			name = Pods;
			sourceTree = "<group>";
		};
		4F15E97892FD93970D24A306 /* Frameworks */ = {
			isa = PBXGroup;
			children = (
				F5C5096520BAE80A0094F4BA /* libAFNetworking.a */,
				F5C5096320BAE7D60094F4BA /* libAFNetworking.a */,
				E078D1022F4E2473FE5D2819 /* libPods-Seek.a */,
			);
			name = Frameworks;
			sourceTree = "<group>";
		};
		A00F03B120A1D244008E60B9 /* search */ = {
			isa = PBXGroup;
			children = (
				A00F03B320A1D264008E60B9 /* YZSearchViewController.h */,
				A00F03B420A1D264008E60B9 /* YZSearchViewController.m */,
			);
			path = search;
			sourceTree = "<group>";
		};
		A00F03B220A1D250008E60B9 /* search */ = {
			isa = PBXGroup;
			children = (
				A00F03C420A310C9008E60B9 /* cell */,
				A00F03B920A1D4BC008E60B9 /* YZSearchTableView.h */,
				A00F03BA20A1D4BC008E60B9 /* YZSearchTableView.m */,
			);
			path = search;
			sourceTree = "<group>";
		};
		A00F03BC20A1D831008E60B9 /* NSString */ = {
			isa = PBXGroup;
			children = (
				A00F03BD20A1D926008E60B9 /* NSString+Custom.h */,
				A00F03BE20A1D926008E60B9 /* NSString+Custom.m */,
			);
			path = NSString;
			sourceTree = "<group>";
		};
		A00F03C020A285EF008E60B9 /* searchAnimation */ = {
			isa = PBXGroup;
			children = (
				A00F03C120A28610008E60B9 /* SearchAnimation.h */,
				A00F03C220A28610008E60B9 /* SearchAnimation.m */,
			);
			path = searchAnimation;
			sourceTree = "<group>";
		};
		A00F03C420A310C9008E60B9 /* cell */ = {
			isa = PBXGroup;
			children = (
				A00F03C520A310F8008E60B9 /* YZSearchTableViewCell.h */,
				A00F03C620A310F8008E60B9 /* YZSearchTableViewCell.m */,
				A00F03C720A310F8008E60B9 /* YZSearchTableViewCell.xib */,
			);
			path = cell;
			sourceTree = "<group>";
		};
		A00F03CA20A31FAA008E60B9 /* search */ = {
			isa = PBXGroup;
			children = (
				A0DA121820B8465A00469D33 /* wordImage */,
				A00F03CB20A31FB5008E60B9 /* history */,
			);
			path = search;
			sourceTree = "<group>";
		};
		A00F03CB20A31FB5008E60B9 /* history */ = {
			isa = PBXGroup;
			children = (
				A00F03CF20A32002008E60B9 /* YZSearchHistoryManager.h */,
				A00F03D020A32002008E60B9 /* YZSearchHistoryManager.m */,
			);
			path = history;
			sourceTree = "<group>";
		};
		A00F03D220A32009008E60B9 /* word */ = {
			isa = PBXGroup;
			children = (
				A00F03D320A3202A008E60B9 /* YZWord.h */,
				A00F03D420A3202A008E60B9 /* YZWord.m */,
			);
			path = word;
			sourceTree = "<group>";
		};
		A00F03D620A3225D008E60B9 /* more */ = {
			isa = PBXGroup;
			children = (
				A00F03D820A32275008E60B9 /* YZMoreViewController.h */,
				A00F03D920A32275008E60B9 /* YZMoreViewController.m */,
			);
			path = more;
			sourceTree = "<group>";
		};
		A00F03D720A32265008E60B9 /* more */ = {
			isa = PBXGroup;
			children = (
				A00F03DB20A322B6008E60B9 /* YZMoreView.h */,
				A00F03DC20A322B6008E60B9 /* YZMoreView.m */,
				A023F74720A47437003A1E9C /* YZMoreTitleView.h */,
				A023F74820A47437003A1E9C /* YZMoreTitleView.m */,
			);
			path = more;
			sourceTree = "<group>";
		};
		A0132CDE209DA92A00CBA33F = {
			isa = PBXGroup;
			children = (
				A0132CE9209DA92A00CBA33F /* Seek */,
				A0132CE8209DA92A00CBA33F /* Products */,
				1BCF1417E768FD140D99F8FD /* Pods */,
				4F15E97892FD93970D24A306 /* Frameworks */,
			);
			sourceTree = "<group>";
		};
		A0132CE8209DA92A00CBA33F /* Products */ = {
			isa = PBXGroup;
			children = (
				A0132CE7209DA92A00CBA33F /* Seek.app */,
			);
			name = Products;
			sourceTree = "<group>";
		};
		A0132CE9209DA92A00CBA33F /* Seek */ = {
			isa = PBXGroup;
			children = (
				A0A86617209DB5F400674BF6 /* controller */,
				A0A86616209DB5EF00674BF6 /* view */,
				A0A86615209DB5EA00674BF6 /* model */,
				A0A86613209DAFD100674BF6 /* expansion */,
				A0132CEA209DA92A00CBA33F /* AppDelegate.h */,
				A0132CEB209DA92A00CBA33F /* AppDelegate.m */,
				A0132CED209DA92A00CBA33F /* ViewController.h */,
				A0132CEE209DA92A00CBA33F /* ViewController.m */,
				A0132CF0209DA92A00CBA33F /* Main.storyboard */,
				A0132CF3209DA92B00CBA33F /* Assets.xcassets */,
				A0132CF5209DA92B00CBA33F /* LaunchScreen.storyboard */,
				A0132CF8209DA92B00CBA33F /* Info.plist */,
				A0132CF9209DA92B00CBA33F /* main.m */,
			);
			path = Seek;
			sourceTree = "<group>";
		};
		A070798220BCD11500F3B045 /* index */ = {
			isa = PBXGroup;
			children = (
				F5C5095C20BAD8FA0094F4BA /* ZKGameIndexViewController.h */,
				F5C5095D20BAD8FA0094F4BA /* ZKGameIndexViewController.m */,
			);
			path = index;
			sourceTree = "<group>";
		};
		A070798320BCD12000F3B045 /* single */ = {
			isa = PBXGroup;
			children = (
				A070798420BCD14900F3B045 /* ZKGameSingleViewController.h */,
				A070798520BCD14900F3B045 /* ZKGameSingleViewController.m */,
			);
			path = single;
			sourceTree = "<group>";
		};
		A070798A20BCD18F00F3B045 /* game */ = {
			isa = PBXGroup;
			children = (
				A070798B20BCD18F00F3B045 /* ZKSingleGameModel.h */,
				A070798C20BCD18F00F3B045 /* ZKSingleGameModel.m */,
			);
			path = game;
			sourceTree = "<group>";
		};
		A08BD3FC20A819D90046C0A6 /* user */ = {
			isa = PBXGroup;
			children = (
				A08BD3FD20A819EB0046C0A6 /* User.h */,
				A08BD3FE20A819EB0046C0A6 /* User.m */,
			);
			path = user;
			sourceTree = "<group>";
		};
		A08BD40020A81D930046C0A6 /* login */ = {
			isa = PBXGroup;
			children = (
				A08BD40220A81DEF0046C0A6 /* YZLoginViewController.h */,
				A08BD40320A81DEF0046C0A6 /* YZLoginViewController.m */,
			);
			path = login;
			sourceTree = "<group>";
		};
		A08BD40120A81D980046C0A6 /* login */ = {
			isa = PBXGroup;
			children = (
				A08BD40520A81E110046C0A6 /* YZLoginView.h */,
				A08BD40620A81E110046C0A6 /* YZLoginView.m */,
			);
			path = login;
			sourceTree = "<group>";
		};
		A0A86613209DAFD100674BF6 /* expansion */ = {
			isa = PBXGroup;
			children = (
				F5C5095420B9B49E0094F4BA /* Category */,
				A00F03C020A285EF008E60B9 /* searchAnimation */,
				A00F03BC20A1D831008E60B9 /* NSString */,
				A0A86642209EE5BB00674BF6 /* navigation */,
				A0A86614209DAFEA00674BF6 /* YZGeneral.pch */,
			);
			path = expansion;
			sourceTree = "<group>";
		};
		A0A86615209DB5EA00674BF6 /* model */ = {
			isa = PBXGroup;
			children = (
				A070798A20BCD18F00F3B045 /* game */,
				A0F8907D20B546990070B0C7 /* history */,
				A08BD3FC20A819D90046C0A6 /* user */,
				A00F03D220A32009008E60B9 /* word */,
				A00F03CA20A31FAA008E60B9 /* search */,
			);
			path = model;
			sourceTree = "<group>";
		};
		A0A86616209DB5EF00674BF6 /* view */ = {
			isa = PBXGroup;
			children = (
				F5C5095820BAD6940094F4BA /* game */,
				F517BF0A20B9510E00D6A136 /* setting */,
				A0DA121120B7CD0000469D33 /* liked */,
				A0F8908220B5521C0070B0C7 /* wordDetail */,
				A08BD40120A81D980046C0A6 /* login */,
				A0DB888B20A6A19200CA810C /* detail */,
				A0DB887920A67A5300CA810C /* find */,
				A00F03D720A32265008E60B9 /* more */,
				A00F03B220A1D250008E60B9 /* search */,
				A0A8661C209DB63200674BF6 /* main */,
			);
			path = view;
			sourceTree = "<group>";
		};
		A0A86617209DB5F400674BF6 /* controller */ = {
			isa = PBXGroup;
			children = (
				F5C5095B20BAD6BC0094F4BA /* game */,
				F517BF0E20B9513000D6A136 /* setting */,
				A0DA121020B7CCF500469D33 /* liked */,
				A0F8908120B552100070B0C7 /* wordDetail */,
				A08BD40020A81D930046C0A6 /* login */,
				A0DB888A20A6A18500CA810C /* detail */,
				A0DB887820A67A4C00CA810C /* find */,
				A00F03D620A3225D008E60B9 /* more */,
				A00F03B120A1D244008E60B9 /* search */,
				A0A86618209DB60500674BF6 /* main */,
			);
			path = controller;
			sourceTree = "<group>";
		};
		A0A86618209DB60500674BF6 /* main */ = {
			isa = PBXGroup;
			children = (
				A0A86619209DB61100674BF6 /* MainViewController.h */,
				A0A8661A209DB61100674BF6 /* MainViewController.m */,
			);
			path = main;
			sourceTree = "<group>";
		};
		A0A8661C209DB63200674BF6 /* main */ = {
			isa = PBXGroup;
			children = (
				A0A8661D209DB69F00674BF6 /* MainView.h */,
				A0A8661E209DB69F00674BF6 /* MainView.m */,
			);
			path = main;
			sourceTree = "<group>";
		};
		A0A86642209EE5BB00674BF6 /* navigation */ = {
			isa = PBXGroup;
			children = (
				A0A86643209EE70600674BF6 /* YZNavigationBar.h */,
				A0A86644209EE70600674BF6 /* YZNavigationBar.m */,
				A0A86649209EED7D00674BF6 /* UIViewController+YZNavigationBar.h */,
				A0A8664A209EED7D00674BF6 /* UIViewController+YZNavigationBar.m */,
			);
			path = navigation;
			sourceTree = "<group>";
		};
		A0DA121020B7CCF500469D33 /* liked */ = {
			isa = PBXGroup;
			children = (
				A0DA121220B7CD1F00469D33 /* YZLikedViewController.h */,
				A0DA121320B7CD1F00469D33 /* YZLikedViewController.m */,
			);
			path = liked;
			sourceTree = "<group>";
		};
		A0DA121120B7CD0000469D33 /* liked */ = {
			isa = PBXGroup;
			children = (
				A0DA121520B7CD5100469D33 /* YZLikedView.h */,
				A0DA121620B7CD5100469D33 /* YZLikedView.m */,
			);
			path = liked;
			sourceTree = "<group>";
		};
		A0DA121820B8465A00469D33 /* wordImage */ = {
			isa = PBXGroup;
			children = (
				A0DA121920B8468300469D33 /* YZDetailImage.h */,
				A0DA121A20B8468300469D33 /* YZDetailImage.m */,
			);
			path = wordImage;
			sourceTree = "<group>";
		};
		A0DB887820A67A4C00CA810C /* find */ = {
			isa = PBXGroup;
			children = (
				A0DB887A20A67A6800CA810C /* YZFindViewController.h */,
				A0DB887B20A67A6800CA810C /* YZFindViewController.m */,
			);
			path = find;
			sourceTree = "<group>";
		};
		A0DB887920A67A5300CA810C /* find */ = {
			isa = PBXGroup;
			children = (
				A0DB888020A67F4100CA810C /* layout */,
				A0DB887D20A67D1000CA810C /* YZFindView.h */,
				A0DB887E20A67D1000CA810C /* YZFindView.m */,
				A0DB888720A68FDB00CA810C /* YZFindCollectionViewCell.h */,
				A0DB888820A68FDB00CA810C /* YZFindCollectionViewCell.m */,
			);
			path = find;
			sourceTree = "<group>";
		};
		A0DB888020A67F4100CA810C /* layout */ = {
			isa = PBXGroup;
			children = (
				A0DB888120A67F6A00CA810C /* YZFindLayout.h */,
				A0DB888220A67F6A00CA810C /* YZFindLayout.m */,
				A0DB888420A68E8400CA810C /* YZFindLayoutAttributes.h */,
				A0DB888520A68E8400CA810C /* YZFindLayoutAttributes.m */,
			);
			path = layout;
			sourceTree = "<group>";
		};
		A0DB888A20A6A18500CA810C /* detail */ = {
			isa = PBXGroup;
			children = (
				A0DB888C20A6A1A100CA810C /* YZDetailViewController.h */,
				A0DB888D20A6A1A100CA810C /* YZDetailViewController.m */,
			);
			path = detail;
			sourceTree = "<group>";
		};
		A0DB888B20A6A19200CA810C /* detail */ = {
			isa = PBXGroup;
			children = (
				A0DB888F20A6A1DE00CA810C /* YZDetailView.h */,
				A0DB889020A6A1DE00CA810C /* YZDetailView.m */,
			);
			path = detail;
			sourceTree = "<group>";
		};
		A0F8907D20B546990070B0C7 /* history */ = {
			isa = PBXGroup;
			children = (
				A0F8907E20B546B20070B0C7 /* YZHistoryWord.h */,
				A0F8907F20B546B20070B0C7 /* YZHistoryWord.m */,
			);
			path = history;
			sourceTree = "<group>";
		};
		A0F8908120B552100070B0C7 /* wordDetail */ = {
			isa = PBXGroup;
			children = (
				A0F8908320B552370070B0C7 /* YZWordDetailViewController.h */,
				A0F8908420B552370070B0C7 /* YZWordDetailViewController.m */,
			);
			path = wordDetail;
			sourceTree = "<group>";
		};
		A0F8908220B5521C0070B0C7 /* wordDetail */ = {
			isa = PBXGroup;
			children = (
				A0F8908620B552A80070B0C7 /* YZWordDetailView.h */,
				A0F8908720B552A80070B0C7 /* YZWordDetailView.m */,
			);
			path = wordDetail;
			sourceTree = "<group>";
		};
		F517BF0A20B9510E00D6A136 /* setting */ = {
			isa = PBXGroup;
			children = (
				F517BF0B20B9512400D6A136 /* ZKSettingView.h */,
				F517BF0C20B9512400D6A136 /* ZKSettingView.m */,
			);
			path = setting;
			sourceTree = "<group>";
		};
		F517BF0E20B9513000D6A136 /* setting */ = {
			isa = PBXGroup;
			children = (
				F517BF0F20B9513E00D6A136 /* ZKSettingViewController.h */,
				F517BF1020B9513E00D6A136 /* ZKSettingViewController.m */,
			);
			path = setting;
			sourceTree = "<group>";
		};
		F5C5095420B9B49E0094F4BA /* Category */ = {
			isa = PBXGroup;
			children = (
				F5C5095520B9B4AD0094F4BA /* UIView+ZKCategory.h */,
				F5C5095620B9B4AD0094F4BA /* UIView+ZKCategory.m */,
			);
			path = Category;
			sourceTree = "<group>";
		};
		F5C5095820BAD6940094F4BA /* game */ = {
			isa = PBXGroup;
			children = (
				F5C5095F20BAD9610094F4BA /* index */,
				F5C5095A20BAD6A30094F4BA /* single */,
			);
			path = game;
			sourceTree = "<group>";
		};
		F5C5095A20BAD6A30094F4BA /* single */ = {
			isa = PBXGroup;
			children = (
				A070798720BCD16E00F3B045 /* ZKGameSingleView.h */,
				A070798820BCD16E00F3B045 /* ZKGameSingleView.m */,
			);
			path = single;
			sourceTree = "<group>";
		};
		F5C5095B20BAD6BC0094F4BA /* game */ = {
			isa = PBXGroup;
			children = (
				A070798320BCD12000F3B045 /* single */,
				A070798220BCD11500F3B045 /* index */,
			);
			path = game;
			sourceTree = "<group>";
		};
		F5C5095F20BAD9610094F4BA /* index */ = {
			isa = PBXGroup;
			children = (
				F5C5096020BAD9750094F4BA /* ZKGameIndexView.h */,
				F5C5096120BAD9750094F4BA /* ZKGameIndexView.m */,
			);
			path = index;
			sourceTree = "<group>";
		};
/* End PBXGroup section */

/* Begin PBXNativeTarget section */
		A0132CE6209DA92A00CBA33F /* Seek */ = {
			isa = PBXNativeTarget;
			buildConfigurationList = A0132CFD209DA92B00CBA33F /* Build configuration list for PBXNativeTarget "Seek" */;
			buildPhases = (
				05DCA85096CBFA1021FCAB1C /* [CP] Check Pods Manifest.lock */,
				A0132CE3209DA92A00CBA33F /* Sources */,
				A0132CE4209DA92A00CBA33F /* Frameworks */,
				A0132CE5209DA92A00CBA33F /* Resources */,
				CE9C54AF7286D7A606F9DD66 /* [CP] Copy Pods Resources */,
			);
			buildRules = (
			);
			dependencies = (
			);
			name = Seek;
			productName = Seek;
			productReference = A0132CE7209DA92A00CBA33F /* Seek.app */;
			productType = "com.apple.product-type.application";
		};
/* End PBXNativeTarget section */

/* Begin PBXProject section */
		A0132CDF209DA92A00CBA33F /* Project object */ = {
			isa = PBXProject;
			attributes = {
				LastUpgradeCheck = 0930;
				ORGANIZATIONNAME = QYiZhong;
				TargetAttributes = {
					A0132CE6209DA92A00CBA33F = {
						CreatedOnToolsVersion = 9.3;
					};
				};
			};
			buildConfigurationList = A0132CE2209DA92A00CBA33F /* Build configuration list for PBXProject "Seek" */;
			compatibilityVersion = "Xcode 9.3";
			developmentRegion = en;
			hasScannedForEncodings = 0;
			knownRegions = (
				en,
				Base,
			);
			mainGroup = A0132CDE209DA92A00CBA33F;
			productRefGroup = A0132CE8209DA92A00CBA33F /* Products */;
			projectDirPath = "";
			projectRoot = "";
			targets = (
				A0132CE6209DA92A00CBA33F /* Seek */,
			);
		};
/* End PBXProject section */

/* Begin PBXResourcesBuildPhase section */
		A0132CE5209DA92A00CBA33F /* Resources */ = {
			isa = PBXResourcesBuildPhase;
			buildActionMask = 2147483647;
			files = (
				A0132CF7209DA92B00CBA33F /* LaunchScreen.storyboard in Resources */,
				A0132CF4209DA92B00CBA33F /* Assets.xcassets in Resources */,
				A00F03C920A310F8008E60B9 /* YZSearchTableViewCell.xib in Resources */,
				A0132CF2209DA92A00CBA33F /* Main.storyboard in Resources */,
			);
			runOnlyForDeploymentPostprocessing = 0;
		};
/* End PBXResourcesBuildPhase section */

/* Begin PBXShellScriptBuildPhase section */
		05DCA85096CBFA1021FCAB1C /* [CP] Check Pods Manifest.lock */ = {
			isa = PBXShellScriptBuildPhase;
			buildActionMask = 2147483647;
			files = (
			);
			inputPaths = (
				"${PODS_PODFILE_DIR_PATH}/Podfile.lock",
				"${PODS_ROOT}/Manifest.lock",
			);
			name = "[CP] Check Pods Manifest.lock";
			outputPaths = (
				"$(DERIVED_FILE_DIR)/Pods-Seek-checkManifestLockResult.txt",
			);
			runOnlyForDeploymentPostprocessing = 0;
			shellPath = /bin/sh;
			shellScript = "diff \"${PODS_PODFILE_DIR_PATH}/Podfile.lock\" \"${PODS_ROOT}/Manifest.lock\" > /dev/null\nif [ $? != 0 ] ; then\n    # print error to STDERR\n    echo \"error: The sandbox is not in sync with the Podfile.lock. Run 'pod install' or update your CocoaPods installation.\" >&2\n    exit 1\nfi\n# This output is used by Xcode 'outputs' to avoid re-running this script phase.\necho \"SUCCESS\" > \"${SCRIPT_OUTPUT_FILE_0}\"\n";
			showEnvVarsInLog = 0;
		};
		CE9C54AF7286D7A606F9DD66 /* [CP] Copy Pods Resources */ = {
			isa = PBXShellScriptBuildPhase;
			buildActionMask = 2147483647;
			files = (
			);
			inputPaths = (
				"${SRCROOT}/Pods/Target Support Files/Pods-Seek/Pods-Seek-resources.sh",
				"${PODS_ROOT}/SVProgressHUD/SVProgressHUD/SVProgressHUD.bundle",
			);
			name = "[CP] Copy Pods Resources";
			outputPaths = (
				"${TARGET_BUILD_DIR}/${UNLOCALIZED_RESOURCES_FOLDER_PATH}/SVProgressHUD.bundle",
			);
			runOnlyForDeploymentPostprocessing = 0;
			shellPath = /bin/sh;
			shellScript = "\"${SRCROOT}/Pods/Target Support Files/Pods-Seek/Pods-Seek-resources.sh\"\n";
			showEnvVarsInLog = 0;
		};
/* End PBXShellScriptBuildPhase section */

/* Begin PBXSourcesBuildPhase section */
		A0132CE3209DA92A00CBA33F /* Sources */ = {
			isa = PBXSourcesBuildPhase;
			buildActionMask = 2147483647;
			files = (
				A08BD3FF20A819EB0046C0A6 /* User.m in Sources */,
				A0DB887C20A67A6800CA810C /* YZFindViewController.m in Sources */,
				A0A8661F209DB69F00674BF6 /* MainView.m in Sources */,
				A0DA121B20B8468300469D33 /* YZDetailImage.m in Sources */,
				A0DB888E20A6A1A100CA810C /* YZDetailViewController.m in Sources */,
				A08BD40720A81E110046C0A6 /* YZLoginView.m in Sources */,
				A0A8664B209EED7D00674BF6 /* UIViewController+YZNavigationBar.m in Sources */,
				A0DA121420B7CD1F00469D33 /* YZLikedViewController.m in Sources */,
				A00F03C320A28610008E60B9 /* SearchAnimation.m in Sources */,
				A070798620BCD14900F3B045 /* ZKGameSingleViewController.m in Sources */,
				A0DB887F20A67D1000CA810C /* YZFindView.m in Sources */,
				A00F03BF20A1D926008E60B9 /* NSString+Custom.m in Sources */,
				A0132CEF209DA92A00CBA33F /* ViewController.m in Sources */,
				A00F03BB20A1D4BC008E60B9 /* YZSearchTableView.m in Sources */,
				A00F03D520A3202A008E60B9 /* YZWord.m in Sources */,
				A070798D20BCD18F00F3B045 /* ZKSingleGameModel.m in Sources */,
				A08BD40420A81DEF0046C0A6 /* YZLoginViewController.m in Sources */,
				A0DB889120A6A1DE00CA810C /* YZDetailView.m in Sources */,
				A070798920BCD16E00F3B045 /* ZKGameSingleView.m in Sources */,
				A00F03C820A310F8008E60B9 /* YZSearchTableViewCell.m in Sources */,
				A00F03DD20A322B6008E60B9 /* YZMoreView.m in Sources */,
				A00F03B520A1D264008E60B9 /* YZSearchViewController.m in Sources */,
				A0A86645209EE70600674BF6 /* YZNavigationBar.m in Sources */,
				F5C5096220BAD9750094F4BA /* ZKGameIndexView.m in Sources */,
				F517BF1120B9513E00D6A136 /* ZKSettingViewController.m in Sources */,
				A0132CFA209DA92B00CBA33F /* main.m in Sources */,
				A0DB888920A68FDB00CA810C /* YZFindCollectionViewCell.m in Sources */,
				A0DB888620A68E8400CA810C /* YZFindLayoutAttributes.m in Sources */,
				A0132CEC209DA92A00CBA33F /* AppDelegate.m in Sources */,
				A00F03DA20A32275008E60B9 /* YZMoreViewController.m in Sources */,
				F5C5095E20BAD8FA0094F4BA /* ZKGameIndexViewController.m in Sources */,
				A023F74920A47437003A1E9C /* YZMoreTitleView.m in Sources */,
				A0A8661B209DB61100674BF6 /* MainViewController.m in Sources */,
				A0F8908520B552370070B0C7 /* YZWordDetailViewController.m in Sources */,
				F5C5095720B9B4AD0094F4BA /* UIView+ZKCategory.m in Sources */,
				F517BF0D20B9512400D6A136 /* ZKSettingView.m in Sources */,
				A0F8908820B552A80070B0C7 /* YZWordDetailView.m in Sources */,
				A00F03D120A32002008E60B9 /* YZSearchHistoryManager.m in Sources */,
				A0DB888320A67F6A00CA810C /* YZFindLayout.m in Sources */,
				A0F8908020B546B20070B0C7 /* YZHistoryWord.m in Sources */,
				A0DA121720B7CD5100469D33 /* YZLikedView.m in Sources */,
			);
			runOnlyForDeploymentPostprocessing = 0;
		};
/* End PBXSourcesBuildPhase section */

/* Begin PBXVariantGroup section */
		A0132CF0209DA92A00CBA33F /* Main.storyboard */ = {
			isa = PBXVariantGroup;
			children = (
				A0132CF1209DA92A00CBA33F /* Base */,
			);
			name = Main.storyboard;
			sourceTree = "<group>";
		};
		A0132CF5209DA92B00CBA33F /* LaunchScreen.storyboard */ = {
			isa = PBXVariantGroup;
			children = (
				A0132CF6209DA92B00CBA33F /* Base */,
			);
			name = LaunchScreen.storyboard;
			sourceTree = "<group>";
		};
/* End PBXVariantGroup section */

/* Begin XCBuildConfiguration section */
		A0132CFB209DA92B00CBA33F /* Debug */ = {
			isa = XCBuildConfiguration;
			buildSettings = {
				ALWAYS_SEARCH_USER_PATHS = NO;
				CLANG_ANALYZER_NONNULL = YES;
				CLANG_ANALYZER_NUMBER_OBJECT_CONVERSION = YES_AGGRESSIVE;
				CLANG_CXX_LANGUAGE_STANDARD = "gnu++14";
				CLANG_CXX_LIBRARY = "libc++";
				CLANG_ENABLE_MODULES = YES;
				CLANG_ENABLE_OBJC_ARC = YES;
				CLANG_ENABLE_OBJC_WEAK = YES;
				CLANG_WARN_BLOCK_CAPTURE_AUTORELEASING = YES;
				CLANG_WARN_BOOL_CONVERSION = YES;
				CLANG_WARN_COMMA = YES;
				CLANG_WARN_CONSTANT_CONVERSION = YES;
				CLANG_WARN_DEPRECATED_OBJC_IMPLEMENTATIONS = YES;
				CLANG_WARN_DIRECT_OBJC_ISA_USAGE = YES_ERROR;
				CLANG_WARN_DOCUMENTATION_COMMENTS = YES;
				CLANG_WARN_EMPTY_BODY = YES;
				CLANG_WARN_ENUM_CONVERSION = YES;
				CLANG_WARN_INFINITE_RECURSION = YES;
				CLANG_WARN_INT_CONVERSION = YES;
				CLANG_WARN_NON_LITERAL_NULL_CONVERSION = YES;
				CLANG_WARN_OBJC_IMPLICIT_RETAIN_SELF = YES;
				CLANG_WARN_OBJC_LITERAL_CONVERSION = YES;
				CLANG_WARN_OBJC_ROOT_CLASS = YES_ERROR;
				CLANG_WARN_RANGE_LOOP_ANALYSIS = YES;
				CLANG_WARN_STRICT_PROTOTYPES = YES;
				CLANG_WARN_SUSPICIOUS_MOVE = YES;
				CLANG_WARN_UNGUARDED_AVAILABILITY = YES_AGGRESSIVE;
				CLANG_WARN_UNREACHABLE_CODE = YES;
				CLANG_WARN__DUPLICATE_METHOD_MATCH = YES;
				CODE_SIGN_IDENTITY = "iPhone Developer";
				COPY_PHASE_STRIP = NO;
				DEBUG_INFORMATION_FORMAT = dwarf;
				ENABLE_STRICT_OBJC_MSGSEND = YES;
				ENABLE_TESTABILITY = YES;
				GCC_C_LANGUAGE_STANDARD = gnu11;
				GCC_DYNAMIC_NO_PIC = NO;
				GCC_NO_COMMON_BLOCKS = YES;
				GCC_OPTIMIZATION_LEVEL = 0;
				GCC_PREPROCESSOR_DEFINITIONS = (
					"DEBUG=1",
					"$(inherited)",
				);
				GCC_WARN_64_TO_32_BIT_CONVERSION = YES;
				GCC_WARN_ABOUT_RETURN_TYPE = YES_ERROR;
				GCC_WARN_UNDECLARED_SELECTOR = YES;
				GCC_WARN_UNINITIALIZED_AUTOS = YES_AGGRESSIVE;
				GCC_WARN_UNUSED_FUNCTION = YES;
				GCC_WARN_UNUSED_VARIABLE = YES;
				IPHONEOS_DEPLOYMENT_TARGET = 11.3;
				MTL_ENABLE_DEBUG_INFO = YES;
				ONLY_ACTIVE_ARCH = YES;
				SDKROOT = iphoneos;
			};
			name = Debug;
		};
		A0132CFC209DA92B00CBA33F /* Release */ = {
			isa = XCBuildConfiguration;
			buildSettings = {
				ALWAYS_SEARCH_USER_PATHS = NO;
				CLANG_ANALYZER_NONNULL = YES;
				CLANG_ANALYZER_NUMBER_OBJECT_CONVERSION = YES_AGGRESSIVE;
				CLANG_CXX_LANGUAGE_STANDARD = "gnu++14";
				CLANG_CXX_LIBRARY = "libc++";
				CLANG_ENABLE_MODULES = YES;
				CLANG_ENABLE_OBJC_ARC = YES;
				CLANG_ENABLE_OBJC_WEAK = YES;
				CLANG_WARN_BLOCK_CAPTURE_AUTORELEASING = YES;
				CLANG_WARN_BOOL_CONVERSION = YES;
				CLANG_WARN_COMMA = YES;
				CLANG_WARN_CONSTANT_CONVERSION = YES;
				CLANG_WARN_DEPRECATED_OBJC_IMPLEMENTATIONS = YES;
				CLANG_WARN_DIRECT_OBJC_ISA_USAGE = YES_ERROR;
				CLANG_WARN_DOCUMENTATION_COMMENTS = YES;
				CLANG_WARN_EMPTY_BODY = YES;
				CLANG_WARN_ENUM_CONVERSION = YES;
				CLANG_WARN_INFINITE_RECURSION = YES;
				CLANG_WARN_INT_CONVERSION = YES;
				CLANG_WARN_NON_LITERAL_NULL_CONVERSION = YES;
				CLANG_WARN_OBJC_IMPLICIT_RETAIN_SELF = YES;
				CLANG_WARN_OBJC_LITERAL_CONVERSION = YES;
				CLANG_WARN_OBJC_ROOT_CLASS = YES_ERROR;
				CLANG_WARN_RANGE_LOOP_ANALYSIS = YES;
				CLANG_WARN_STRICT_PROTOTYPES = YES;
				CLANG_WARN_SUSPICIOUS_MOVE = YES;
				CLANG_WARN_UNGUARDED_AVAILABILITY = YES_AGGRESSIVE;
				CLANG_WARN_UNREACHABLE_CODE = YES;
				CLANG_WARN__DUPLICATE_METHOD_MATCH = YES;
				CODE_SIGN_IDENTITY = "iPhone Developer";
				COPY_PHASE_STRIP = NO;
				DEBUG_INFORMATION_FORMAT = "dwarf-with-dsym";
				ENABLE_NS_ASSERTIONS = NO;
				ENABLE_STRICT_OBJC_MSGSEND = YES;
				GCC_C_LANGUAGE_STANDARD = gnu11;
				GCC_NO_COMMON_BLOCKS = YES;
				GCC_WARN_64_TO_32_BIT_CONVERSION = YES;
				GCC_WARN_ABOUT_RETURN_TYPE = YES_ERROR;
				GCC_WARN_UNDECLARED_SELECTOR = YES;
				GCC_WARN_UNINITIALIZED_AUTOS = YES_AGGRESSIVE;
				GCC_WARN_UNUSED_FUNCTION = YES;
				GCC_WARN_UNUSED_VARIABLE = YES;
				IPHONEOS_DEPLOYMENT_TARGET = 11.3;
				MTL_ENABLE_DEBUG_INFO = NO;
				SDKROOT = iphoneos;
				VALIDATE_PRODUCT = YES;
			};
			name = Release;
		};
		A0132CFE209DA92B00CBA33F /* Debug */ = {
			isa = XCBuildConfiguration;
			baseConfigurationReference = 3A3F160612D0D128B6C4434F /* Pods-Seek.debug.xcconfig */;
			buildSettings = {
				ASSETCATALOG_COMPILER_APPICON_NAME = AppIcon;
				CODE_SIGN_STYLE = Automatic;
				DEVELOPMENT_TEAM = 437JAL24TE;
				GCC_PREFIX_HEADER = "$(SRCROOT)/Seek/expansion/YZGeneral.pch";
				INFOPLIST_FILE = Seek/Info.plist;
				IPHONEOS_DEPLOYMENT_TARGET = 10.0;
				LD_RUNPATH_SEARCH_PATHS = (
					"$(inherited)",
					"@executable_path/Frameworks",
				);
				LIBRARY_SEARCH_PATHS = (
					"$(inherited)",
					"\"${PODS_CONFIGURATION_BUILD_DIR}/AFNetworking\"",
					"\"${PODS_CONFIGURATION_BUILD_DIR}/Masonry\"",
					"\"${PODS_CONFIGURATION_BUILD_DIR}/SVProgressHUD\"",
				);
				PRODUCT_BUNDLE_IDENTIFIER = QYiZhong.Seek;
				PRODUCT_NAME = "$(TARGET_NAME)";
				TARGETED_DEVICE_FAMILY = "1,2";
			};
			name = Debug;
		};
		A0132CFF209DA92B00CBA33F /* Release */ = {
			isa = XCBuildConfiguration;
			baseConfigurationReference = 57D065529F08170D7002D2D1 /* Pods-Seek.release.xcconfig */;
			buildSettings = {
				ASSETCATALOG_COMPILER_APPICON_NAME = AppIcon;
				CODE_SIGN_STYLE = Automatic;
				DEVELOPMENT_TEAM = 437JAL24TE;
				GCC_PREFIX_HEADER = "$(SRCROOT)/Seek/expansion/YZGeneral.pch";
				INFOPLIST_FILE = Seek/Info.plist;
				IPHONEOS_DEPLOYMENT_TARGET = 10.0;
				LD_RUNPATH_SEARCH_PATHS = (
					"$(inherited)",
					"@executable_path/Frameworks",
				);
				LIBRARY_SEARCH_PATHS = (
					"$(inherited)",
					"\"${PODS_CONFIGURATION_BUILD_DIR}/AFNetworking\"",
					"\"${PODS_CONFIGURATION_BUILD_DIR}/Masonry\"",
					"\"${PODS_CONFIGURATION_BUILD_DIR}/SVProgressHUD\"",
				);
				PRODUCT_BUNDLE_IDENTIFIER = QYiZhong.Seek;
				PRODUCT_NAME = "$(TARGET_NAME)";
				TARGETED_DEVICE_FAMILY = "1,2";
			};
			name = Release;
		};
/* End XCBuildConfiguration section */

/* Begin XCConfigurationList section */
		A0132CE2209DA92A00CBA33F /* Build configuration list for PBXProject "Seek" */ = {
			isa = XCConfigurationList;
			buildConfigurations = (
				A0132CFB209DA92B00CBA33F /* Debug */,
				A0132CFC209DA92B00CBA33F /* Release */,
			);
			defaultConfigurationIsVisible = 0;
			defaultConfigurationName = Release;
		};
		A0132CFD209DA92B00CBA33F /* Build configuration list for PBXNativeTarget "Seek" */ = {
			isa = XCConfigurationList;
			buildConfigurations = (
				A0132CFE209DA92B00CBA33F /* Debug */,
				A0132CFF209DA92B00CBA33F /* Release */,
			);
			defaultConfigurationIsVisible = 0;
			defaultConfigurationName = Release;
		};
/* End XCConfigurationList section */
	};
	rootObject = A0132CDF209DA92A00CBA33F /* Project object */;
}
